
Microsoft Visual Studio Solution File, Format Version 12.00
# Visual Studio Version 17
VisualStudioVersion = 17.9.34701.34
MinimumVisualStudioVersion = 10.0.40219.1
Project("{9A19103F-16F7-4668-BE54-9A1E7A4F7556}") = "dot7.razor.crudsample", "dot7.razor.crudsample.csproj", "{DC20B05D-52C8-43B2-A126-A232B8DF9AC8}"
EndProject
Global
	GlobalSection(SolutionConfigurationPlatforms) = preSolution
		Debug|Any CPU = Debug|Any CPU
		Release|Any CPU = Release|Any CPU
	EndGlobalSection
	GlobalSection(ProjectConfigurationPlatforms) = postSolution
		{DC20B05D-52C8-43B2-A126-A232B8DF9AC8}.Debug|Any CPU.ActiveCfg = Debug|Any CPU
		{DC20B05D-52C8-43B2-A126-A232B8DF9AC8}.Debug|Any CPU.Build.0 = Debug|Any CPU
		{DC20B05D-52C8-43B2-A126-A232B8DF9AC8}.Release|Any CPU.ActiveCfg = Release|Any CPU
		{DC20B05D-52C8-43B2-A126-A232B8DF9AC8}.Release|Any CPU.Build.0 = Release|Any CPU
	EndGlobalSection
	GlobalSection(SolutionProperties) = preSolution
		HideSolutionNode = FALSE
	EndGlobalSection
	GlobalSection(ExtensibilityGlobals) = postSolution
		SolutionGuid = {C9A23B40-75E3-457B-902C-A67C322080E6}
	EndGlobalSection
EndGlobal
